
Microsoft Visual Studio Solution File, Format Version 12.00
# Visual Studio Version 17
VisualStudioVersion = 17.11.35219.272
MinimumVisualStudioVersion = 10.0.40219.1
Project("{FAE04EC0-301F-11D3-BF4B-00C04F79EFBC}") = "RekaTalent", "RekaTalent\RekaTalent.csproj", "{0598DF18-5FE1-403F-AB1D-17F038E08246}"
EndProject
Global
	GlobalSection(SolutionConfigurationPlatforms) = preSolution
		Debug|Any CPU = Debug|Any CPU
		Release|Any CPU = Release|Any CPU
	EndGlobalSection
	GlobalSection(ProjectConfigurationPlatforms) = postSolution
		{0598DF18-5FE1-403F-AB1D-17F038E08246}.Debug|Any CPU.ActiveCfg = Debug|Any CPU
		{0598DF18-5FE1-403F-AB1D-17F038E08246}.Debug|Any CPU.Build.0 = Debug|Any CPU
		{0598DF18-5FE1-403F-AB1D-17F038E08246}.Release|Any CPU.ActiveCfg = Release|Any CPU
		{0598DF18-5FE1-403F-AB1D-17F038E08246}.Release|Any CPU.Build.0 = Release|Any CPU
	EndGlobalSection
	GlobalSection(SolutionProperties) = preSolution
		HideSolutionNode = FALSE
	EndGlobalSection
	GlobalSection(ExtensibilityGlobals) = postSolution
		SolutionGuid = {6B9808BB-9A7B-4283-B2CC-13E55272887A}
	EndGlobalSection
EndGlobal
